{
  "originHash" : "84df9aa6ecd399d508c396fac25a34900ac329702697849f1f833cbdd041bee1",
  "pins" : [
    {
      "identity" : "factory",
      "kind" : "remoteSourceControl",
      "location" : "https://github.com/hmlongco/Factory.git",
      "state" : {
        "revision" : "f350e0d71ba241b392f70519a67e769d5e3858d4",
        "version" : "2.4.1"
      }
    }
  ],
  "version" : 3
}
